
Microsoft Visual Studio Solution File, Format Version 12.00
# Visual Studio Version 17
VisualStudioVersion = 17.1.31911.260
MinimumVisualStudioVersion = 10.0.40219.1
Project("{FAE04EC0-301F-11D3-BF4B-00C04F79EFBC}") = "MessageEncoder", "MessageEncoder\MessageEncoder.csproj", "{BF746929-5295-4530-87F2-0BA9DB23E153}"
EndProject
Global
	GlobalSection(SolutionConfigurationPlatforms) = preSolution
		Debug|Any CPU = Debug|Any CPU
		Release|Any CPU = Release|Any CPU
	EndGlobalSection
	GlobalSection(ProjectConfigurationPlatforms) = postSolution
		{BF746929-5295-4530-87F2-0BA9DB23E153}.Debug|Any CPU.ActiveCfg = Debug|Any CPU
		{BF746929-5295-4530-87F2-0BA9DB23E153}.Debug|Any CPU.Build.0 = Debug|Any CPU
		{BF746929-5295-4530-87F2-0BA9DB23E153}.Release|Any CPU.ActiveCfg = Release|Any CPU
		{BF746929-5295-4530-87F2-0BA9DB23E153}.Release|Any CPU.Build.0 = Release|Any CPU
	EndGlobalSection
	GlobalSection(SolutionProperties) = preSolution
		HideSolutionNode = FALSE
	EndGlobalSection
	GlobalSection(ExtensibilityGlobals) = postSolution
		SolutionGuid = {49CAC1E5-97F6-4209-9FEC-27D3D8FCBD29}
	EndGlobalSection
EndGlobal
